{
  "name": "pihh-ionic-components",
  "version": "0.0.1",
  "lockfileVersion": 1,
  "requires": true,
  "dependencies": {
    "moment": {
      "version": "2.29.2",
      "resolved": "https://registry.npmjs.org/moment/-/moment-2.29.2.tgz",
      "integrity": "sha512-UgzG4rvxYpN15jgCmVJwac49h9ly9NurikMWGPdVxm8GZD6XjkKPxDTjQQ43gtGgnV3X0cAyWDdP2Wexoquifg=="
    },
    "ngx-moment": {
      "version": "3.5.0",
      "resolved": "https://registry.npmjs.org/ngx-moment/-/ngx-moment-3.5.0.tgz",
      "integrity": "sha512-QC/5XNC0BW6WkJkwZT4r2A29j/8sJAmhuQJrEnEdpW35GvkemccuxEUAwo/PwkzPB/CHaquR00E6P2HVEQ1iEg==",
      "requires": {
        "tslib": "^1.9.0"
      }
    },
    "tslib": {
      "version": "1.14.1",
      "resolved": "https://registry.npmjs.org/tslib/-/tslib-1.14.1.tgz",
      "integrity": "sha512-Xni35NKzjgMrwevysHTCArtLDpPvye8zV/0E4EyYn43P7/7qvQwPh9BGkHewbMulVntbigmcT7rdX3BNo9wRJg=="
    }
  }
}
